
Microsoft Visual Studio Solution File, Format Version 12.00
# Visual Studio Version 16
VisualStudioVersion = 16.0.31313.79
MinimumVisualStudioVersion = 10.0.40219.1
Project("{2150E333-8FDC-42A3-9474-1A3956D46DE8}") = "ADO.NET", "ADO.NET", "{856D0DD6-74E5-4688-BD94-CE1B547313DC}"
EndProject
Project("{2150E333-8FDC-42A3-9474-1A3956D46DE8}") = "EF Core 5.0", "EF Core 5.0", "{02E5F6E5-32F5-4DB1-8C06-5AF8ACE972D6}"
EndProject
Project("{9A19103F-16F7-4668-BE54-9A1E7A4F7556}") = "AdoTemplate", "AdoTemplate\AdoTemplate.csproj", "{2316E153-C58B-4EF7-B977-770811CB2CB3}"
EndProject
Project("{2150E333-8FDC-42A3-9474-1A3956D46DE8}") = "Examples", "Examples", "{EAB07A39-4798-4B69-A37C-1F4B48CACF0F}"
EndProject
Project("{9A19103F-16F7-4668-BE54-9A1E7A4F7556}") = "AdoExample", "AdoExample\AdoExample.csproj", "{B7CC19D0-B49F-4799-9C60-CD2378C632B0}"
EndProject
Project("{2150E333-8FDC-42A3-9474-1A3956D46DE8}") = "ADO", "ADO", "{2B58BDB0-EA79-4DF8-9362-C0DC854F651C}"
EndProject
Project("{9A19103F-16F7-4668-BE54-9A1E7A4F7556}") = "DAL", "DAL\DAL.csproj", "{C7082918-B50A-4C05-A609-7E9556C67DD5}"
EndProject
Project("{9A19103F-16F7-4668-BE54-9A1E7A4F7556}") = "Tests", "Tests\Tests.csproj", "{6F26D640-650F-435B-8D85-646752B41454}"
EndProject
Project("{9A19103F-16F7-4668-BE54-9A1E7A4F7556}") = "EntityFrameworkTemplate", "EntityFrameworkTemplate\EntityFrameworkTemplate.csproj", "{7C52CA3B-E7D4-4504-AD6B-4BFDEB15376B}"
EndProject
Project("{2150E333-8FDC-42A3-9474-1A3956D46DE8}") = "EF Core 5.0", "EF Core 5.0", "{EFC7EDD4-8694-45EC-B002-4DFA135A7BB0}"
EndProject
Project("{FAE04EC0-301F-11D3-BF4B-00C04F79EFBC}") = "EntityFrameworkExample", "EntityFrameworkExample\EntityFrameworkExample.csproj", "{B4D66A17-B5FB-48C7-AF01-D083D0114020}"
EndProject
Project("{FAE04EC0-301F-11D3-BF4B-00C04F79EFBC}") = "EFDAL", "EFDAL\EFDAL.csproj", "{B0E4CF93-C601-43FA-930A-BAE84D60185F}"
EndProject
Global
	GlobalSection(SolutionConfigurationPlatforms) = preSolution
		Debug|Any CPU = Debug|Any CPU
		Release|Any CPU = Release|Any CPU
	EndGlobalSection
	GlobalSection(ProjectConfigurationPlatforms) = postSolution
		{2316E153-C58B-4EF7-B977-770811CB2CB3}.Debug|Any CPU.ActiveCfg = Debug|Any CPU
		{2316E153-C58B-4EF7-B977-770811CB2CB3}.Debug|Any CPU.Build.0 = Debug|Any CPU
		{2316E153-C58B-4EF7-B977-770811CB2CB3}.Release|Any CPU.ActiveCfg = Release|Any CPU
		{2316E153-C58B-4EF7-B977-770811CB2CB3}.Release|Any CPU.Build.0 = Release|Any CPU
		{B7CC19D0-B49F-4799-9C60-CD2378C632B0}.Debug|Any CPU.ActiveCfg = Debug|Any CPU
		{B7CC19D0-B49F-4799-9C60-CD2378C632B0}.Debug|Any CPU.Build.0 = Debug|Any CPU
		{B7CC19D0-B49F-4799-9C60-CD2378C632B0}.Release|Any CPU.ActiveCfg = Release|Any CPU
		{B7CC19D0-B49F-4799-9C60-CD2378C632B0}.Release|Any CPU.Build.0 = Release|Any CPU
		{C7082918-B50A-4C05-A609-7E9556C67DD5}.Debug|Any CPU.ActiveCfg = Debug|Any CPU
		{C7082918-B50A-4C05-A609-7E9556C67DD5}.Debug|Any CPU.Build.0 = Debug|Any CPU
		{C7082918-B50A-4C05-A609-7E9556C67DD5}.Release|Any CPU.ActiveCfg = Release|Any CPU
		{C7082918-B50A-4C05-A609-7E9556C67DD5}.Release|Any CPU.Build.0 = Release|Any CPU
		{6F26D640-650F-435B-8D85-646752B41454}.Debug|Any CPU.ActiveCfg = Debug|Any CPU
		{6F26D640-650F-435B-8D85-646752B41454}.Debug|Any CPU.Build.0 = Debug|Any CPU
		{6F26D640-650F-435B-8D85-646752B41454}.Release|Any CPU.ActiveCfg = Release|Any CPU
		{6F26D640-650F-435B-8D85-646752B41454}.Release|Any CPU.Build.0 = Release|Any CPU
		{7C52CA3B-E7D4-4504-AD6B-4BFDEB15376B}.Debug|Any CPU.ActiveCfg = Debug|Any CPU
		{7C52CA3B-E7D4-4504-AD6B-4BFDEB15376B}.Debug|Any CPU.Build.0 = Debug|Any CPU
		{7C52CA3B-E7D4-4504-AD6B-4BFDEB15376B}.Release|Any CPU.ActiveCfg = Release|Any CPU
		{7C52CA3B-E7D4-4504-AD6B-4BFDEB15376B}.Release|Any CPU.Build.0 = Release|Any CPU
		{B4D66A17-B5FB-48C7-AF01-D083D0114020}.Debug|Any CPU.ActiveCfg = Debug|Any CPU
		{B4D66A17-B5FB-48C7-AF01-D083D0114020}.Debug|Any CPU.Build.0 = Debug|Any CPU
		{B4D66A17-B5FB-48C7-AF01-D083D0114020}.Release|Any CPU.ActiveCfg = Release|Any CPU
		{B4D66A17-B5FB-48C7-AF01-D083D0114020}.Release|Any CPU.Build.0 = Release|Any CPU
		{B0E4CF93-C601-43FA-930A-BAE84D60185F}.Debug|Any CPU.ActiveCfg = Debug|Any CPU
		{B0E4CF93-C601-43FA-930A-BAE84D60185F}.Debug|Any CPU.Build.0 = Debug|Any CPU
		{B0E4CF93-C601-43FA-930A-BAE84D60185F}.Release|Any CPU.ActiveCfg = Release|Any CPU
		{B0E4CF93-C601-43FA-930A-BAE84D60185F}.Release|Any CPU.Build.0 = Release|Any CPU
	EndGlobalSection
	GlobalSection(SolutionProperties) = preSolution
		HideSolutionNode = FALSE
	EndGlobalSection
	GlobalSection(NestedProjects) = preSolution
		{2316E153-C58B-4EF7-B977-770811CB2CB3} = {856D0DD6-74E5-4688-BD94-CE1B547313DC}
		{B7CC19D0-B49F-4799-9C60-CD2378C632B0} = {2B58BDB0-EA79-4DF8-9362-C0DC854F651C}
		{2B58BDB0-EA79-4DF8-9362-C0DC854F651C} = {EAB07A39-4798-4B69-A37C-1F4B48CACF0F}
		{C7082918-B50A-4C05-A609-7E9556C67DD5} = {2B58BDB0-EA79-4DF8-9362-C0DC854F651C}
		{6F26D640-650F-435B-8D85-646752B41454} = {2B58BDB0-EA79-4DF8-9362-C0DC854F651C}
		{7C52CA3B-E7D4-4504-AD6B-4BFDEB15376B} = {02E5F6E5-32F5-4DB1-8C06-5AF8ACE972D6}
		{EFC7EDD4-8694-45EC-B002-4DFA135A7BB0} = {EAB07A39-4798-4B69-A37C-1F4B48CACF0F}
		{B4D66A17-B5FB-48C7-AF01-D083D0114020} = {EFC7EDD4-8694-45EC-B002-4DFA135A7BB0}
		{B0E4CF93-C601-43FA-930A-BAE84D60185F} = {EFC7EDD4-8694-45EC-B002-4DFA135A7BB0}
	EndGlobalSection
	GlobalSection(ExtensibilityGlobals) = postSolution
		SolutionGuid = {02698A78-5F66-4913-A5C4-5D157A2263AD}
	EndGlobalSection
EndGlobal
